
Microsoft Visual Studio Solution File, Format Version 12.00
# Visual Studio Version 16
VisualStudioVersion = 16.0.30011.22
MinimumVisualStudioVersion = 10.0.40219.1
Project("{FAE04EC0-301F-11D3-BF4B-00C04F79EFBC}") = "CifradoVigenere.Domain", "CifradoVigenere.Domain\CifradoVigenere.Domain.csproj", "{81361C47-7A59-4CE1-82C8-9FF92DCE8E17}"
EndProject
Project("{FAE04EC0-301F-11D3-BF4B-00C04F79EFBC}") = "CifradoVigenere.Infraestructure", "CifradoVigenere.Infraestructure\CifradoVigenere.Infraestructure.csproj", "{5F03FF3F-2462-431E-8CDC-ED59F4633C3A}"
EndProject
Project("{FAE04EC0-301F-11D3-BF4B-00C04F79EFBC}") = "CifradoVigenere.Api", "CifradoVigenere.Api\CifradoVigenere.Api.csproj", "{287D8DD9-2E33-4D04-A738-8EA65A1E71B8}"
EndProject
Global
	GlobalSection(SolutionConfigurationPlatforms) = preSolution
		Debug|Any CPU = Debug|Any CPU
		Release|Any CPU = Release|Any CPU
	EndGlobalSection
	GlobalSection(ProjectConfigurationPlatforms) = postSolution
		{81361C47-7A59-4CE1-82C8-9FF92DCE8E17}.Debug|Any CPU.ActiveCfg = Debug|Any CPU
		{81361C47-7A59-4CE1-82C8-9FF92DCE8E17}.Debug|Any CPU.Build.0 = Debug|Any CPU
		{81361C47-7A59-4CE1-82C8-9FF92DCE8E17}.Release|Any CPU.ActiveCfg = Release|Any CPU
		{81361C47-7A59-4CE1-82C8-9FF92DCE8E17}.Release|Any CPU.Build.0 = Release|Any CPU
		{5F03FF3F-2462-431E-8CDC-ED59F4633C3A}.Debug|Any CPU.ActiveCfg = Debug|Any CPU
		{5F03FF3F-2462-431E-8CDC-ED59F4633C3A}.Debug|Any CPU.Build.0 = Debug|Any CPU
		{5F03FF3F-2462-431E-8CDC-ED59F4633C3A}.Release|Any CPU.ActiveCfg = Release|Any CPU
		{5F03FF3F-2462-431E-8CDC-ED59F4633C3A}.Release|Any CPU.Build.0 = Release|Any CPU
		{287D8DD9-2E33-4D04-A738-8EA65A1E71B8}.Debug|Any CPU.ActiveCfg = Debug|Any CPU
		{287D8DD9-2E33-4D04-A738-8EA65A1E71B8}.Debug|Any CPU.Build.0 = Debug|Any CPU
		{287D8DD9-2E33-4D04-A738-8EA65A1E71B8}.Release|Any CPU.ActiveCfg = Release|Any CPU
		{287D8DD9-2E33-4D04-A738-8EA65A1E71B8}.Release|Any CPU.Build.0 = Release|Any CPU
	EndGlobalSection
	GlobalSection(SolutionProperties) = preSolution
		HideSolutionNode = FALSE
	EndGlobalSection
	GlobalSection(ExtensibilityGlobals) = postSolution
		SolutionGuid = {9ABEBA48-547A-444F-B494-D653FEF50CC7}
	EndGlobalSection
EndGlobal
